
Microsoft Visual Studio Solution File, Format Version 12.00
# Visual Studio Version 16
VisualStudioVersion = 16.0.30804.86
MinimumVisualStudioVersion = 10.0.40219.1
Project("{FAE04EC0-301F-11D3-BF4B-00C04F79EFBC}") = "StoreManager", "StoreManager\StoreManager.csproj", "{8E52DB83-DE7D-4522-B43C-48A9F1C23BBC}"
EndProject
Global
	GlobalSection(SolutionConfigurationPlatforms) = preSolution
		Debug|Any CPU = Debug|Any CPU
		Release|Any CPU = Release|Any CPU
	EndGlobalSection
	GlobalSection(ProjectConfigurationPlatforms) = postSolution
		{8E52DB83-DE7D-4522-B43C-48A9F1C23BBC}.Debug|Any CPU.ActiveCfg = Debug|Any CPU
		{8E52DB83-DE7D-4522-B43C-48A9F1C23BBC}.Debug|Any CPU.Build.0 = Debug|Any CPU
		{8E52DB83-DE7D-4522-B43C-48A9F1C23BBC}.Release|Any CPU.ActiveCfg = Release|Any CPU
		{8E52DB83-DE7D-4522-B43C-48A9F1C23BBC}.Release|Any CPU.Build.0 = Release|Any CPU
	EndGlobalSection
	GlobalSection(SolutionProperties) = preSolution
		HideSolutionNode = FALSE
	EndGlobalSection
	GlobalSection(ExtensibilityGlobals) = postSolution
		SolutionGuid = {FE18B6B0-1764-49AE-9584-72DBA20661C9}
	EndGlobalSection
EndGlobal
